lockfileVersion: 5.3

specifiers:
  prisma: ~3.12.0

dependencies:
  prisma: 3.12.0

packages:

  /@prisma/engines/3.12.0-37.22b822189f46ef0dc5c5b503368d1bee01213980:
    resolution: {integrity: sha512-zULjkN8yhzS7B3yeEz4aIym4E2w1ChrV12i14pht3ePFufvsAvBSoZ+tuXMvfSoNTgBS5E4bolRzLbMmbwkkMQ==}
    requiresBuild: true
    dev: false

  /prisma/3.12.0:
    resolution: {integrity: sha512-ltCMZAx1i0i9xuPM692Srj8McC665h6E5RqJom999sjtVSccHSD8Z+HSdBN2183h9PJKvC5dapkn78dd0NWMBg==}
    engines: {node: '>=12.6'}
    hasBin: true
    requiresBuild: true
    dependencies:
      '@prisma/engines': 3.12.0-37.22b822189f46ef0dc5c5b503368d1bee01213980
    dev: false
