# THIS IS AN AUTOGENERATED FILE. DO NOT EDIT THIS FILE DIRECTLY.
# yarn lockfile v1


"@prisma/client@^2.24.0":
  version "2.24.0"
  resolved "https://registry.yarnpkg.com/@prisma/client/-/client-2.24.0.tgz#83404f98905998770625ec7f13ad73532b144eba"
  integrity sha512-y3BbJJMB3bhSXWpbqOlnAvnhvK0UYQMZZC5gacS+nR1eZl4MovVgl9syk6En3FXIQaneLukoiWfFaIxfDVZArw==
  dependencies:
    "@prisma/engines-version" "2.24.0-30.f3e341280d96d0abc068f97e959ddf01f321a858"

"@prisma/engines-version@2.24.0-30.f3e341280d96d0abc068f97e959ddf01f321a858":
  version "2.24.0-30.f3e341280d96d0abc068f97e959ddf01f321a858"
  resolved "https://registry.yarnpkg.com/@prisma/engines-version/-/engines-version-2.24.0-30.f3e341280d96d0abc068f97e959ddf01f321a858.tgz#609fb53d9feb1efc8689b4ce6098af1b486ad29f"
  integrity sha512-KHns2Puc38woxnx3MKoUUW0tfR5yftDCmT/df0rUHe6ZcREt1kwI3dgvsOBz+6n7stuSNeLiU7uEkc7Ga3PgNA==

"@prisma/engines@2.24.0-30.f3e341280d96d0abc068f97e959ddf01f321a858":
  version "2.24.0-30.f3e341280d96d0abc068f97e959ddf01f321a858"
  resolved "https://registry.yarnpkg.com/@prisma/engines/-/engines-2.24.0-30.f3e341280d96d0abc068f97e959ddf01f321a858.tgz#c4fda8eedb864dd3b7afb8815a6f609d7d1bba2d"
  integrity sha512-rcMl4XgkLg1ki94EfRXX6t/Abzw5CMQFkfC6K+dkxuJ9gIo+moGSZHsyYLAD0ccdYhEW0QbP9TNg0VVe8thrNw==

prisma@^2.24.0:
  version "2.24.0"
  resolved "https://registry.yarnpkg.com/prisma/-/prisma-2.24.0.tgz#7f2b25a11bd73dc1f9ab88e2fd92ff5fdddee85b"
  integrity sha512-kZBYxAkThSFfAZzTGpsihaNqNbGQVzkPhQ0XklLDetN36EpQXeeOQhS05DrzlGSQ7rG7w8mt3m3iDF0S/RD/qw==
  dependencies:
    "@prisma/engines" "2.24.0-30.f3e341280d96d0abc068f97e959ddf01f321a858"
