# THIS IS AN AUTOGENERATED FILE. DO NOT EDIT THIS FILE DIRECTLY.
# yarn lockfile v1


"@prisma/client@^2.23.0":
  version "2.23.0"
  resolved "https://registry.yarnpkg.com/@prisma/client/-/client-2.23.0.tgz#4bf16ab19b140873ba79bd159da86842b1746e0a"
  integrity sha512-xsHdo3+wIH0hJVGfKHYTEKtifStjKH0b5t8t7hV32Fypq6+3uxhAi3F25yxuI4XSHXg21nb7Ha82lNwU/0TERA==
  dependencies:
    "@prisma/engines-version" "2.23.0-36.adf5e8cba3daf12d456d911d72b6e9418681b28b"

"@prisma/engines-version@2.23.0-36.adf5e8cba3daf12d456d911d72b6e9418681b28b":
  version "2.23.0-36.adf5e8cba3daf12d456d911d72b6e9418681b28b"
  resolved "https://registry.yarnpkg.com/@prisma/engines-version/-/engines-version-2.23.0-36.adf5e8cba3daf12d456d911d72b6e9418681b28b.tgz#c813279bbea48dedad039b0bc3b044117d2dbaa1"
  integrity sha512-VNgnOe+oPQKmy3HOtWi/Q1fvcKZUQkf1OfTD1pzrLBx9tJPejyxt1Mq54L+OOAuYvfrua6bmfojFVLh7uXuWVw==

"@prisma/engines@2.23.0-36.adf5e8cba3daf12d456d911d72b6e9418681b28b":
  version "2.23.0-36.adf5e8cba3daf12d456d911d72b6e9418681b28b"
  resolved "https://registry.yarnpkg.com/@prisma/engines/-/engines-2.23.0-36.adf5e8cba3daf12d456d911d72b6e9418681b28b.tgz#440abe0ebef44b6e1bdaf2b4d14fcde9fe74f18c"
  integrity sha512-Tgk3kggO5B9IT6mimJAw6HSxbFoDAuDKL3sHHSS41EnQm76j/nf4uhGZFPzOQwZWOLeT5ZLO2khr4/FCA9Nkhw==

prisma@^2.23.0:
  version "2.23.0"
  resolved "https://registry.yarnpkg.com/prisma/-/prisma-2.23.0.tgz#6464cca0e085ed23b1815013a67c868eff07a7d2"
  integrity sha512-3c/lmDy8nsPcEsfCufvCTJUEuwmAcTPbeGg9fL1qjlvS314duLUA/k2nm3n1rq4ImKqzeC5uaKfvI2IoAfwrJA==
  dependencies:
    "@prisma/engines" "2.23.0-36.adf5e8cba3daf12d456d911d72b6e9418681b28b"
