# THIS IS AN AUTOGENERATED FILE. DO NOT EDIT THIS FILE DIRECTLY.
# yarn lockfile v1


"@prisma/client@^2.24.1":
  version "2.24.1"
  resolved "https://registry.yarnpkg.com/@prisma/client/-/client-2.24.1.tgz#c4f26fb4d768dd52dd20a17e626f10e69cc0b85c"
  integrity sha512-vllhf36g3oI98GF1Q5IPmnR5MYzBPeCcl/Xiz6EAi4DMOxE069o9ka5BAqYbUG2USx8JuKw09QdMnDrp3Kyn8g==
  dependencies:
    "@prisma/engines-version" "2.24.1-2.18095475d5ee64536e2f93995e48ad800737a9e4"

"@prisma/engines-version@2.24.1-2.18095475d5ee64536e2f93995e48ad800737a9e4":
  version "2.24.1-2.18095475d5ee64536e2f93995e48ad800737a9e4"
  resolved "https://registry.yarnpkg.com/@prisma/engines-version/-/engines-version-2.24.1-2.18095475d5ee64536e2f93995e48ad800737a9e4.tgz#2c5813ef98bcbe659b18b521f002f5c8aabbaae2"
  integrity sha512-60Do+ByVfHnhJ2id5h/lXOZnDQNIf5pz3enkKWOmyr744Z2IxkBu65jRckFfMN5cPtmXDre/Ay/GKm0aoeLwrw==

"@prisma/engines@2.24.1-2.18095475d5ee64536e2f93995e48ad800737a9e4":
  version "2.24.1-2.18095475d5ee64536e2f93995e48ad800737a9e4"
  resolved "https://registry.yarnpkg.com/@prisma/engines/-/engines-2.24.1-2.18095475d5ee64536e2f93995e48ad800737a9e4.tgz#7e542d510f0c03f41b73edbb17254f5a0b272a4d"
  integrity sha512-29/xO9kqeQka+wN5Ev10l5L4XQXNVXdPToJs1M29VZ2imQsNsL4rtz26m3qGM54IoGWwwfTVdvuVRxKnDl2rig==

prisma@^2.24.1:
  version "2.24.1"
  resolved "https://registry.yarnpkg.com/prisma/-/prisma-2.24.1.tgz#f8f4cb8baf407a71800256160277f69603bd43a3"
  integrity sha512-L+ykMpttbWzpTNsy+PPynnEX/mS1s5zs49euXBrMjxXh1M6/f9MYlTNAj+iP90O9ZSaURSpNa+1jzatPghqUcQ==
  dependencies:
    "@prisma/engines" "2.24.1-2.18095475d5ee64536e2f93995e48ad800737a9e4"
